
Microsoft Visual Studio Solution File, Format Version 12.00
# Visual Studio 14
VisualStudioVersion = 14.0.24720.0
MinimumVisualStudioVersion = 10.0.40219.1
Project("{FAE04EC0-301F-11D3-BF4B-00C04F79EFBC}") = "HelloGitHubApplication", "HelloGitHubApplication\HelloGitHubApplication.csproj", "{C10A7D60-4FEB-407B-8432-6C75A388EFF8}"
EndProject
Project("{FAE04EC0-301F-11D3-BF4B-00C04F79EFBC}") = "oliointia", "oliointia\oliointia.csproj", "{25069F8E-02DD-4570-AF2D-33264D9F5C23}"
EndProject
Project("{FAE04EC0-301F-11D3-BF4B-00C04F79EFBC}") = "harjoitus4", "harjoitus4\harjoitus4.csproj", "{0CB40324-D983-4D80-B9FF-FE9B41D7C896}"
EndProject
Project("{FAE04EC0-301F-11D3-BF4B-00C04F79EFBC}") = "harjoitus5", "harjoitus5\harjoitus5.csproj", "{BA6FD212-9135-4522-BFC3-790571F4B28D}"
EndProject
Project("{FAE04EC0-301F-11D3-BF4B-00C04F79EFBC}") = "D4t1", "ConsoleApplication1\D4t1.csproj", "{35230C49-4738-4E37-ACD5-3BB201A772E1}"
EndProject
Project("{FAE04EC0-301F-11D3-BF4B-00C04F79EFBC}") = "D4t2", "D4t2\D4t2.csproj", "{7C0227B2-A022-433C-A908-B639A19223BB}"
EndProject
Project("{FAE04EC0-301F-11D3-BF4B-00C04F79EFBC}") = "D4t3", "D4t3\D4t3.csproj", "{FC4B91E5-CAA9-446A-85CE-3186309655C3}"
EndProject
Project("{FAE04EC0-301F-11D3-BF4B-00C04F79EFBC}") = "ajoneuvot", "ajoneuvot\ajoneuvot.csproj", "{EBA3A080-0E9A-4BEC-BF9F-50DD4DF631B9}"
EndProject
Project("{FAE04EC0-301F-11D3-BF4B-00C04F79EFBC}") = "D5t6", "D5t6\D5t6.csproj", "{F084ADC0-066A-41D9-BB89-E2FBB82990FA}"
EndProject
Project("{FAE04EC0-301F-11D3-BF4B-00C04F79EFBC}") = "D6t1", "D6t1\D6t1.csproj", "{9B75CD0D-C6D7-4145-8B46-D259DE32EF2D}"
EndProject
Project("{FAE04EC0-301F-11D3-BF4B-00C04F79EFBC}") = "D6T2", "D6T2\D6T2.csproj", "{3D7E73C5-6395-4E6F-B6C7-BBCA59A51115}"
EndProject
Project("{FAE04EC0-301F-11D3-BF4B-00C04F79EFBC}") = "D6t3", "D6t3\D6t3.csproj", "{E6B9D401-614F-423F-AD4A-4AB624D08097}"
EndProject
Project("{FAE04EC0-301F-11D3-BF4B-00C04F79EFBC}") = "D5t4", "D5t4\D5t4.csproj", "{A404028A-3AE5-4B1F-AF42-38846F229E32}"
EndProject
Project("{FAE04EC0-301F-11D3-BF4B-00C04F79EFBC}") = "D8t1", "D8t1\D8t1.csproj", "{CF0FDB98-FD0A-40D7-BD42-2624005191D7}"
EndProject
Project("{FAE04EC0-301F-11D3-BF4B-00C04F79EFBC}") = "D8t1Tests", "D8t1Tests\D8t1Tests.csproj", "{5C48FD0A-9722-41DB-91F5-050D1A953494}"
EndProject
Project("{FAE04EC0-301F-11D3-BF4B-00C04F79EFBC}") = "D7T2", "D7T1\D7T2.csproj", "{A48892F8-2EAE-4933-BD32-7219713F0E2C}"
EndProject
Project("{FAE04EC0-301F-11D3-BF4B-00C04F79EFBC}") = "D7T3", "D7T3\D7T3.csproj", "{4DB288F9-C7F9-40C4-994A-1AA3DA3DE5F8}"
EndProject
Global
	GlobalSection(SolutionConfigurationPlatforms) = preSolution
		Debug|Any CPU = Debug|Any CPU
		Release|Any CPU = Release|Any CPU
	EndGlobalSection
	GlobalSection(ProjectConfigurationPlatforms) = postSolution
		{C10A7D60-4FEB-407B-8432-6C75A388EFF8}.Debug|Any CPU.ActiveCfg = Debug|Any CPU
		{C10A7D60-4FEB-407B-8432-6C75A388EFF8}.Debug|Any CPU.Build.0 = Debug|Any CPU
		{C10A7D60-4FEB-407B-8432-6C75A388EFF8}.Release|Any CPU.ActiveCfg = Release|Any CPU
		{C10A7D60-4FEB-407B-8432-6C75A388EFF8}.Release|Any CPU.Build.0 = Release|Any CPU
		{25069F8E-02DD-4570-AF2D-33264D9F5C23}.Debug|Any CPU.ActiveCfg = Debug|Any CPU
		{25069F8E-02DD-4570-AF2D-33264D9F5C23}.Debug|Any CPU.Build.0 = Debug|Any CPU
		{25069F8E-02DD-4570-AF2D-33264D9F5C23}.Release|Any CPU.ActiveCfg = Release|Any CPU
		{25069F8E-02DD-4570-AF2D-33264D9F5C23}.Release|Any CPU.Build.0 = Release|Any CPU
		{0CB40324-D983-4D80-B9FF-FE9B41D7C896}.Debug|Any CPU.ActiveCfg = Debug|Any CPU
		{0CB40324-D983-4D80-B9FF-FE9B41D7C896}.Debug|Any CPU.Build.0 = Debug|Any CPU
		{0CB40324-D983-4D80-B9FF-FE9B41D7C896}.Release|Any CPU.ActiveCfg = Release|Any CPU
		{0CB40324-D983-4D80-B9FF-FE9B41D7C896}.Release|Any CPU.Build.0 = Release|Any CPU
		{BA6FD212-9135-4522-BFC3-790571F4B28D}.Debug|Any CPU.ActiveCfg = Debug|Any CPU
		{BA6FD212-9135-4522-BFC3-790571F4B28D}.Debug|Any CPU.Build.0 = Debug|Any CPU
		{BA6FD212-9135-4522-BFC3-790571F4B28D}.Release|Any CPU.ActiveCfg = Release|Any CPU
		{BA6FD212-9135-4522-BFC3-790571F4B28D}.Release|Any CPU.Build.0 = Release|Any CPU
		{35230C49-4738-4E37-ACD5-3BB201A772E1}.Debug|Any CPU.ActiveCfg = Debug|Any CPU
		{35230C49-4738-4E37-ACD5-3BB201A772E1}.Debug|Any CPU.Build.0 = Debug|Any CPU
		{35230C49-4738-4E37-ACD5-3BB201A772E1}.Release|Any CPU.ActiveCfg = Release|Any CPU
		{35230C49-4738-4E37-ACD5-3BB201A772E1}.Release|Any CPU.Build.0 = Release|Any CPU
		{7C0227B2-A022-433C-A908-B639A19223BB}.Debug|Any CPU.ActiveCfg = Debug|Any CPU
		{7C0227B2-A022-433C-A908-B639A19223BB}.Debug|Any CPU.Build.0 = Debug|Any CPU
		{7C0227B2-A022-433C-A908-B639A19223BB}.Release|Any CPU.ActiveCfg = Release|Any CPU
		{7C0227B2-A022-433C-A908-B639A19223BB}.Release|Any CPU.Build.0 = Release|Any CPU
		{FC4B91E5-CAA9-446A-85CE-3186309655C3}.Debug|Any CPU.ActiveCfg = Debug|Any CPU
		{FC4B91E5-CAA9-446A-85CE-3186309655C3}.Debug|Any CPU.Build.0 = Debug|Any CPU
		{FC4B91E5-CAA9-446A-85CE-3186309655C3}.Release|Any CPU.ActiveCfg = Release|Any CPU
		{FC4B91E5-CAA9-446A-85CE-3186309655C3}.Release|Any CPU.Build.0 = Release|Any CPU
		{EBA3A080-0E9A-4BEC-BF9F-50DD4DF631B9}.Debug|Any CPU.ActiveCfg = Debug|Any CPU
		{EBA3A080-0E9A-4BEC-BF9F-50DD4DF631B9}.Debug|Any CPU.Build.0 = Debug|Any CPU
		{EBA3A080-0E9A-4BEC-BF9F-50DD4DF631B9}.Release|Any CPU.ActiveCfg = Release|Any CPU
		{EBA3A080-0E9A-4BEC-BF9F-50DD4DF631B9}.Release|Any CPU.Build.0 = Release|Any CPU
		{F084ADC0-066A-41D9-BB89-E2FBB82990FA}.Debug|Any CPU.ActiveCfg = Debug|Any CPU
		{F084ADC0-066A-41D9-BB89-E2FBB82990FA}.Debug|Any CPU.Build.0 = Debug|Any CPU
		{F084ADC0-066A-41D9-BB89-E2FBB82990FA}.Release|Any CPU.ActiveCfg = Release|Any CPU
		{F084ADC0-066A-41D9-BB89-E2FBB82990FA}.Release|Any CPU.Build.0 = Release|Any CPU
		{9B75CD0D-C6D7-4145-8B46-D259DE32EF2D}.Debug|Any CPU.ActiveCfg = Debug|Any CPU
		{9B75CD0D-C6D7-4145-8B46-D259DE32EF2D}.Debug|Any CPU.Build.0 = Debug|Any CPU
		{9B75CD0D-C6D7-4145-8B46-D259DE32EF2D}.Release|Any CPU.ActiveCfg = Release|Any CPU
		{9B75CD0D-C6D7-4145-8B46-D259DE32EF2D}.Release|Any CPU.Build.0 = Release|Any CPU
		{3D7E73C5-6395-4E6F-B6C7-BBCA59A51115}.Debug|Any CPU.ActiveCfg = Debug|Any CPU
		{3D7E73C5-6395-4E6F-B6C7-BBCA59A51115}.Debug|Any CPU.Build.0 = Debug|Any CPU
		{3D7E73C5-6395-4E6F-B6C7-BBCA59A51115}.Release|Any CPU.ActiveCfg = Release|Any CPU
		{3D7E73C5-6395-4E6F-B6C7-BBCA59A51115}.Release|Any CPU.Build.0 = Release|Any CPU
		{E6B9D401-614F-423F-AD4A-4AB624D08097}.Debug|Any CPU.ActiveCfg = Debug|Any CPU
		{E6B9D401-614F-423F-AD4A-4AB624D08097}.Debug|Any CPU.Build.0 = Debug|Any CPU
		{E6B9D401-614F-423F-AD4A-4AB624D08097}.Release|Any CPU.ActiveCfg = Release|Any CPU
		{E6B9D401-614F-423F-AD4A-4AB624D08097}.Release|Any CPU.Build.0 = Release|Any CPU
		{A404028A-3AE5-4B1F-AF42-38846F229E32}.Debug|Any CPU.ActiveCfg = Debug|Any CPU
		{A404028A-3AE5-4B1F-AF42-38846F229E32}.Debug|Any CPU.Build.0 = Debug|Any CPU
		{A404028A-3AE5-4B1F-AF42-38846F229E32}.Release|Any CPU.ActiveCfg = Release|Any CPU
		{A404028A-3AE5-4B1F-AF42-38846F229E32}.Release|Any CPU.Build.0 = Release|Any CPU
		{CF0FDB98-FD0A-40D7-BD42-2624005191D7}.Debug|Any CPU.ActiveCfg = Debug|Any CPU
		{CF0FDB98-FD0A-40D7-BD42-2624005191D7}.Debug|Any CPU.Build.0 = Debug|Any CPU
		{CF0FDB98-FD0A-40D7-BD42-2624005191D7}.Release|Any CPU.ActiveCfg = Release|Any CPU
		{CF0FDB98-FD0A-40D7-BD42-2624005191D7}.Release|Any CPU.Build.0 = Release|Any CPU
		{5C48FD0A-9722-41DB-91F5-050D1A953494}.Debug|Any CPU.ActiveCfg = Debug|Any CPU
		{5C48FD0A-9722-41DB-91F5-050D1A953494}.Debug|Any CPU.Build.0 = Debug|Any CPU
		{5C48FD0A-9722-41DB-91F5-050D1A953494}.Release|Any CPU.ActiveCfg = Release|Any CPU
		{5C48FD0A-9722-41DB-91F5-050D1A953494}.Release|Any CPU.Build.0 = Release|Any CPU
		{A48892F8-2EAE-4933-BD32-7219713F0E2C}.Debug|Any CPU.ActiveCfg = Debug|Any CPU
		{A48892F8-2EAE-4933-BD32-7219713F0E2C}.Debug|Any CPU.Build.0 = Debug|Any CPU
		{A48892F8-2EAE-4933-BD32-7219713F0E2C}.Release|Any CPU.ActiveCfg = Release|Any CPU
		{A48892F8-2EAE-4933-BD32-7219713F0E2C}.Release|Any CPU.Build.0 = Release|Any CPU
		{4DB288F9-C7F9-40C4-994A-1AA3DA3DE5F8}.Debug|Any CPU.ActiveCfg = Debug|Any CPU
		{4DB288F9-C7F9-40C4-994A-1AA3DA3DE5F8}.Debug|Any CPU.Build.0 = Debug|Any CPU
		{4DB288F9-C7F9-40C4-994A-1AA3DA3DE5F8}.Release|Any CPU.ActiveCfg = Release|Any CPU
		{4DB288F9-C7F9-40C4-994A-1AA3DA3DE5F8}.Release|Any CPU.Build.0 = Release|Any CPU
	EndGlobalSection
	GlobalSection(SolutionProperties) = preSolution
		HideSolutionNode = FALSE
	EndGlobalSection
EndGlobal
